github.com/Romern/redactionschemes v0.4.0 h1:2QlhIMR3cNb+pQp2Jv1cIy86CXI4+O1W6jp/Pt+ML5Y=
github.com/Romern/redactionschemes v0.4.0/go.mod h1:HQR++GP6YaQNRDqVdTxbA5LUvhccSs8ekXaIJNJjbuw=
github.com/maruel/fortuna v1.0.0 h1:MW2qHFxEwrzSMz9jqqoPb8IkCjQSW/GzSK830y51EyY=
github.com/maruel/fortuna v1.0.0/go.mod h1:VKXHBBq+HXsGLAB9myxMANqtG9Cv6jBGj6eVcEyO8P8=
